{
  "version": 1,
  "dependencies": {
    ".NETFramework,Version=v4.8": {
      "Krafs.Rimworld.Ref": {
        "type": "Direct",
        "requested": "[*, )",
        "resolved": "1.6.4633",
        "contentHash": "wbUZCLBFHnNJ9IT4ighta1wrsBI9i/gRrfixPNfsMLlPvd/lksz+yv8H3Os7EIpT3O3wOkXgN3LGt8UHncWpzQ=="
      },
      "Lib.Harmony": {
        "type": "Direct",
        "requested": "[*, )",
        "resolved": "2.4.2",
        "contentHash": "D2X9ojVjqbqdqWVK3VQETrEb56yVoXxtEp6tP5UvW0PP+bA4uJiswqOxF8GhH02ECwyevUa9vwhwdLzyXfksbw=="
      },
      "Mlie_Rimworld_VersionFromManifest": {
        "type": "Direct",
        "requested": "[*, )",
        "resolved": "2022.10.8.223337",
        "contentHash": "hXvJIkb4d86TiTyIaLl3UJ7JYIBZMY/UDPPqKmnuRn8BJmdKdIOUl+Pv7TmYG0hnhkF2CguiGKUPSF9BCuoAXg==",
        "dependencies": {
          "Krafs.Rimworld.Ref": "1.4.3510-beta"
        }
      }
    }
  }
}